
Microsoft Visual Studio Solution File, Format Version 12.00
# Visual Studio 2012
Project("{FAE04EC0-301F-11D3-BF4B-00C04F79EFBC}") = "ikutku", "ikutku\ikutku.csproj", "{5CD3B32F-793D-4281-AFE0-F1722C52F752}"
EndProject
Project("{2150E333-8FDC-42A3-9474-1A3956D46DE8}") = "libraries", "libraries", "{4B734F1E-6C19-4612-A52B-C864B7921E86}"
EndProject
Project("{FAE04EC0-301F-11D3-BF4B-00C04F79EFBC}") = "ikutku.DB", "ikutku.DB\ikutku.DB.csproj", "{FE90521B-7B7C-4644-A48E-04D00EC25E49}"
EndProject
Project("{2150E333-8FDC-42A3-9474-1A3956D46DE8}") = "Solution Items", "Solution Items", "{0626A0BD-1A58-440E-9FD0-B3EB05CB559E}"
EndProject
Project("{FAE04EC0-301F-11D3-BF4B-00C04F79EFBC}") = "ikutku.Models", "ikutku.Models\ikutku.Models.csproj", "{6825E07E-FB00-4DA5-999D-87F130226F95}"
EndProject
Project("{FAE04EC0-301F-11D3-BF4B-00C04F79EFBC}") = "clearpixels.Helpers", "..\clearpixels.git\clearpixels.Helpers\clearpixels.Helpers.csproj", "{0D0768D7-17E9-45DE-95B9-F24C45B04323}"
EndProject
Project("{FAE04EC0-301F-11D3-BF4B-00C04F79EFBC}") = "clearpixels.Logging", "..\clearpixels.git\clearpixels.Logging\clearpixels.Logging.csproj", "{14E4934E-A77B-4A05-AB59-2AAEFDF10C22}"
EndProject
Project("{FAE04EC0-301F-11D3-BF4B-00C04F79EFBC}") = "clearpixels.Models", "..\clearpixels.git\clearpixels.Models\clearpixels.Models.csproj", "{EB69AA64-0C7F-49AC-984F-C2DE89321EC2}"
EndProject
Project("{FAE04EC0-301F-11D3-BF4B-00C04F79EFBC}") = "Elmah.net-4.0", "..\..\opensource\elmah\src\Elmah\Elmah.net-4.0.csproj", "{270CE8D7-4EEB-4106-9D3E-A7DFDC642F85}"
EndProject
Project("{FAE04EC0-301F-11D3-BF4B-00C04F79EFBC}") = "ikutku.Constants", "ikutku.Constants\ikutku.Constants.csproj", "{A169311B-C7D2-4B6D-BDE4-F8ADAF67825A}"
EndProject
Project("{FAE04EC0-301F-11D3-BF4B-00C04F79EFBC}") = "LinqToTwitter", "..\..\opensource\linqtotwitter\LinqToTwitter\LinqToTwitter.csproj", "{A214B9F0-6B8C-4E91-BE99-27F55CC860C1}"
EndProject
Project("{FAE04EC0-301F-11D3-BF4B-00C04F79EFBC}") = "Unity", "..\..\opensource\unity\Unity\Unity\Src\Unity.csproj", "{EE1F752C-1FAB-41AD-AD63-857D0E62AB6B}"
EndProject
Project("{FAE04EC0-301F-11D3-BF4B-00C04F79EFBC}") = "Unity.Mvc", "..\..\opensource\unity\Unity\Unity.Mvc\Src\Unity.Mvc.csproj", "{1FB1A6FE-1898-4E72-906E-1C160AB50F2F}"
EndProject
Project("{FAE04EC0-301F-11D3-BF4B-00C04F79EFBC}") = "Unity.WebApi", "..\..\opensource\unity\Unity\Unity.WebApi\Src\Unity.WebApi.csproj", "{E6A503F3-1B1D-4008-98EE-7EACA66DFB05}"
EndProject
Project("{FAE04EC0-301F-11D3-BF4B-00C04F79EFBC}") = "EntityFramework.Extended", "..\..\opensource\EntityFramework.Extended\Source\EntityFramework.Extended\EntityFramework.Extended.csproj", "{D390C235-242C-4E92-9E0B-D2463E87B0F0}"
EndProject
Global
	GlobalSection(SolutionConfigurationPlatforms) = preSolution
		ClientProfiles|Any CPU = ClientProfiles|Any CPU
		ClientProfiles|x86 = ClientProfiles|x86
		Debug_Azure|Any CPU = Debug_Azure|Any CPU
		Debug_Azure|x86 = Debug_Azure|x86
		Debug_local|Any CPU = Debug_local|Any CPU
		Debug_local|x86 = Debug_local|x86
		Debug|Any CPU = Debug|Any CPU
		Debug|x86 = Debug|x86
		DebugFB|Any CPU = DebugFB|Any CPU
		DebugFB|x86 = DebugFB|x86
		DebugForProfiler|Any CPU = DebugForProfiler|Any CPU
		DebugForProfiler|x86 = DebugForProfiler|x86
		DebugNet40|Any CPU = DebugNet40|Any CPU
		DebugNet40|x86 = DebugNet40|x86
		DebugNoRackspace|Any CPU = DebugNoRackspace|Any CPU
		DebugNoRackspace|x86 = DebugNoRackspace|x86
		DebugOpenSocial|Any CPU = DebugOpenSocial|Any CPU
		DebugOpenSocial|x86 = DebugOpenSocial|x86
		Mono|Any CPU = Mono|Any CPU
		Mono|x86 = Mono|x86
		Release_Azure|Any CPU = Release_Azure|Any CPU
		Release_Azure|x86 = Release_Azure|x86
		Release_Test|Any CPU = Release_Test|Any CPU
		Release_Test|x86 = Release_Test|x86
		Release|Any CPU = Release|Any CPU
		Release|x86 = Release|x86
		ReleaseNet40|Any CPU = ReleaseNet40|Any CPU
		ReleaseNet40|x86 = ReleaseNet40|x86
	EndGlobalSection
	GlobalSection(ProjectConfigurationPlatforms) = postSolution
		{5CD3B32F-793D-4281-AFE0-F1722C52F752}.ClientProfiles|Any CPU.ActiveCfg = Release|Any CPU
		{5CD3B32F-793D-4281-AFE0-F1722C52F752}.ClientProfiles|Any CPU.Build.0 = Release|Any CPU
		{5CD3B32F-793D-4281-AFE0-F1722C52F752}.ClientProfiles|x86.ActiveCfg = Debug|Any CPU
		{5CD3B32F-793D-4281-AFE0-F1722C52F752}.Debug_Azure|Any CPU.ActiveCfg = Debug|Any CPU
		{5CD3B32F-793D-4281-AFE0-F1722C52F752}.Debug_Azure|Any CPU.Build.0 = Debug|Any CPU
		{5CD3B32F-793D-4281-AFE0-F1722C52F752}.Debug_Azure|x86.ActiveCfg = Debug|Any CPU
		{5CD3B32F-793D-4281-AFE0-F1722C52F752}.Debug_local|Any CPU.ActiveCfg = Debug|Any CPU
		{5CD3B32F-793D-4281-AFE0-F1722C52F752}.Debug_local|Any CPU.Build.0 = Debug|Any CPU
		{5CD3B32F-793D-4281-AFE0-F1722C52F752}.Debug_local|x86.ActiveCfg = Debug|Any CPU
		{5CD3B32F-793D-4281-AFE0-F1722C52F752}.Debug|Any CPU.ActiveCfg = Debug|Any CPU
		{5CD3B32F-793D-4281-AFE0-F1722C52F752}.Debug|Any CPU.Build.0 = Debug|Any CPU
		{5CD3B32F-793D-4281-AFE0-F1722C52F752}.Debug|x86.ActiveCfg = Debug|Any CPU
		{5CD3B32F-793D-4281-AFE0-F1722C52F752}.DebugFB|Any CPU.ActiveCfg = Debug|Any CPU
		{5CD3B32F-793D-4281-AFE0-F1722C52F752}.DebugFB|Any CPU.Build.0 = Debug|Any CPU
		{5CD3B32F-793D-4281-AFE0-F1722C52F752}.DebugFB|x86.ActiveCfg = Debug|Any CPU
		{5CD3B32F-793D-4281-AFE0-F1722C52F752}.DebugForProfiler|Any CPU.ActiveCfg = Debug|Any CPU
		{5CD3B32F-793D-4281-AFE0-F1722C52F752}.DebugForProfiler|Any CPU.Build.0 = Debug|Any CPU
		{5CD3B32F-793D-4281-AFE0-F1722C52F752}.DebugForProfiler|x86.ActiveCfg = Debug|Any CPU
		{5CD3B32F-793D-4281-AFE0-F1722C52F752}.DebugNet40|Any CPU.ActiveCfg = Debug|Any CPU
		{5CD3B32F-793D-4281-AFE0-F1722C52F752}.DebugNet40|Any CPU.Build.0 = Debug|Any CPU
		{5CD3B32F-793D-4281-AFE0-F1722C52F752}.DebugNet40|x86.ActiveCfg = Debug|Any CPU
		{5CD3B32F-793D-4281-AFE0-F1722C52F752}.DebugNoRackspace|Any CPU.ActiveCfg = Debug|Any CPU
		{5CD3B32F-793D-4281-AFE0-F1722C52F752}.DebugNoRackspace|Any CPU.Build.0 = Debug|Any CPU
		{5CD3B32F-793D-4281-AFE0-F1722C52F752}.DebugNoRackspace|x86.ActiveCfg = Debug|Any CPU
		{5CD3B32F-793D-4281-AFE0-F1722C52F752}.DebugOpenSocial|Any CPU.ActiveCfg = Debug|Any CPU
		{5CD3B32F-793D-4281-AFE0-F1722C52F752}.DebugOpenSocial|Any CPU.Build.0 = Debug|Any CPU
		{5CD3B32F-793D-4281-AFE0-F1722C52F752}.DebugOpenSocial|x86.ActiveCfg = Debug|Any CPU
		{5CD3B32F-793D-4281-AFE0-F1722C52F752}.Mono|Any CPU.ActiveCfg = Release|Any CPU
		{5CD3B32F-793D-4281-AFE0-F1722C52F752}.Mono|Any CPU.Build.0 = Release|Any CPU
		{5CD3B32F-793D-4281-AFE0-F1722C52F752}.Mono|x86.ActiveCfg = Debug|Any CPU
		{5CD3B32F-793D-4281-AFE0-F1722C52F752}.Release_Azure|Any CPU.ActiveCfg = Release|Any CPU
		{5CD3B32F-793D-4281-AFE0-F1722C52F752}.Release_Azure|Any CPU.Build.0 = Release|Any CPU
		{5CD3B32F-793D-4281-AFE0-F1722C52F752}.Release_Azure|x86.ActiveCfg = Release|Any CPU
		{5CD3B32F-793D-4281-AFE0-F1722C52F752}.Release_Test|Any CPU.ActiveCfg = Release|Any CPU
		{5CD3B32F-793D-4281-AFE0-F1722C52F752}.Release_Test|Any CPU.Build.0 = Release|Any CPU
		{5CD3B32F-793D-4281-AFE0-F1722C52F752}.Release_Test|x86.ActiveCfg = Release|Any CPU
		{5CD3B32F-793D-4281-AFE0-F1722C52F752}.Release|Any CPU.ActiveCfg = Release|Any CPU
		{5CD3B32F-793D-4281-AFE0-F1722C52F752}.Release|Any CPU.Build.0 = Release|Any CPU
		{5CD3B32F-793D-4281-AFE0-F1722C52F752}.Release|x86.ActiveCfg = Release|Any CPU
		{5CD3B32F-793D-4281-AFE0-F1722C52F752}.ReleaseNet40|Any CPU.ActiveCfg = Release|Any CPU
		{5CD3B32F-793D-4281-AFE0-F1722C52F752}.ReleaseNet40|Any CPU.Build.0 = Release|Any CPU
		{5CD3B32F-793D-4281-AFE0-F1722C52F752}.ReleaseNet40|x86.ActiveCfg = Release|Any CPU
		{FE90521B-7B7C-4644-A48E-04D00EC25E49}.ClientProfiles|Any CPU.ActiveCfg = Release|Any CPU
		{FE90521B-7B7C-4644-A48E-04D00EC25E49}.ClientProfiles|Any CPU.Build.0 = Release|Any CPU
		{FE90521B-7B7C-4644-A48E-04D00EC25E49}.ClientProfiles|x86.ActiveCfg = Debug|Any CPU
		{FE90521B-7B7C-4644-A48E-04D00EC25E49}.Debug_Azure|Any CPU.ActiveCfg = Debug|Any CPU
		{FE90521B-7B7C-4644-A48E-04D00EC25E49}.Debug_Azure|Any CPU.Build.0 = Debug|Any CPU
		{FE90521B-7B7C-4644-A48E-04D00EC25E49}.Debug_Azure|x86.ActiveCfg = Debug|Any CPU
		{FE90521B-7B7C-4644-A48E-04D00EC25E49}.Debug_local|Any CPU.ActiveCfg = Debug|Any CPU
		{FE90521B-7B7C-4644-A48E-04D00EC25E49}.Debug_local|Any CPU.Build.0 = Debug|Any CPU
		{FE90521B-7B7C-4644-A48E-04D00EC25E49}.Debug_local|x86.ActiveCfg = Debug|Any CPU
		{FE90521B-7B7C-4644-A48E-04D00EC25E49}.Debug|Any CPU.ActiveCfg = Debug|Any CPU
		{FE90521B-7B7C-4644-A48E-04D00EC25E49}.Debug|Any CPU.Build.0 = Debug|Any CPU
		{FE90521B-7B7C-4644-A48E-04D00EC25E49}.Debug|x86.ActiveCfg = Debug|Any CPU
		{FE90521B-7B7C-4644-A48E-04D00EC25E49}.DebugFB|Any CPU.ActiveCfg = Debug|Any CPU
		{FE90521B-7B7C-4644-A48E-04D00EC25E49}.DebugFB|Any CPU.Build.0 = Debug|Any CPU
		{FE90521B-7B7C-4644-A48E-04D00EC25E49}.DebugFB|x86.ActiveCfg = Debug|Any CPU
		{FE90521B-7B7C-4644-A48E-04D00EC25E49}.DebugForProfiler|Any CPU.ActiveCfg = Debug|Any CPU
		{FE90521B-7B7C-4644-A48E-04D00EC25E49}.DebugForProfiler|Any CPU.Build.0 = Debug|Any CPU
		{FE90521B-7B7C-4644-A48E-04D00EC25E49}.DebugForProfiler|x86.ActiveCfg = Debug|Any CPU
		{FE90521B-7B7C-4644-A48E-04D00EC25E49}.DebugNet40|Any CPU.ActiveCfg = Debug|Any CPU
		{FE90521B-7B7C-4644-A48E-04D00EC25E49}.DebugNet40|Any CPU.Build.0 = Debug|Any CPU
		{FE90521B-7B7C-4644-A48E-04D00EC25E49}.DebugNet40|x86.ActiveCfg = Debug|Any CPU
		{FE90521B-7B7C-4644-A48E-04D00EC25E49}.DebugNoRackspace|Any CPU.ActiveCfg = Debug|Any CPU
		{FE90521B-7B7C-4644-A48E-04D00EC25E49}.DebugNoRackspace|Any CPU.Build.0 = Debug|Any CPU
		{FE90521B-7B7C-4644-A48E-04D00EC25E49}.DebugNoRackspace|x86.ActiveCfg = Debug|Any CPU
		{FE90521B-7B7C-4644-A48E-04D00EC25E49}.DebugOpenSocial|Any CPU.ActiveCfg = Debug|Any CPU
		{FE90521B-7B7C-4644-A48E-04D00EC25E49}.DebugOpenSocial|Any CPU.Build.0 = Debug|Any CPU
		{FE90521B-7B7C-4644-A48E-04D00EC25E49}.DebugOpenSocial|x86.ActiveCfg = Debug|Any CPU
		{FE90521B-7B7C-4644-A48E-04D00EC25E49}.Mono|Any CPU.ActiveCfg = Release|Any CPU
		{FE90521B-7B7C-4644-A48E-04D00EC25E49}.Mono|Any CPU.Build.0 = Release|Any CPU
		{FE90521B-7B7C-4644-A48E-04D00EC25E49}.Mono|x86.ActiveCfg = Debug|Any CPU
		{FE90521B-7B7C-4644-A48E-04D00EC25E49}.Release_Azure|Any CPU.ActiveCfg = Release|Any CPU
		{FE90521B-7B7C-4644-A48E-04D00EC25E49}.Release_Azure|Any CPU.Build.0 = Release|Any CPU
		{FE90521B-7B7C-4644-A48E-04D00EC25E49}.Release_Azure|x86.ActiveCfg = Release|Any CPU
		{FE90521B-7B7C-4644-A48E-04D00EC25E49}.Release_Test|Any CPU.ActiveCfg = Release|Any CPU
		{FE90521B-7B7C-4644-A48E-04D00EC25E49}.Release_Test|Any CPU.Build.0 = Release|Any CPU
		{FE90521B-7B7C-4644-A48E-04D00EC25E49}.Release_Test|x86.ActiveCfg = Release|Any CPU
		{FE90521B-7B7C-4644-A48E-04D00EC25E49}.Release|Any CPU.ActiveCfg = Release|Any CPU
		{FE90521B-7B7C-4644-A48E-04D00EC25E49}.Release|Any CPU.Build.0 = Release|Any CPU
		{FE90521B-7B7C-4644-A48E-04D00EC25E49}.Release|x86.ActiveCfg = Release|Any CPU
		{FE90521B-7B7C-4644-A48E-04D00EC25E49}.ReleaseNet40|Any CPU.ActiveCfg = Release|Any CPU
		{FE90521B-7B7C-4644-A48E-04D00EC25E49}.ReleaseNet40|Any CPU.Build.0 = Release|Any CPU
		{FE90521B-7B7C-4644-A48E-04D00EC25E49}.ReleaseNet40|x86.ActiveCfg = Release|Any CPU
		{6825E07E-FB00-4DA5-999D-87F130226F95}.ClientProfiles|Any CPU.ActiveCfg = Release|Any CPU
		{6825E07E-FB00-4DA5-999D-87F130226F95}.ClientProfiles|Any CPU.Build.0 = Release|Any CPU
		{6825E07E-FB00-4DA5-999D-87F130226F95}.ClientProfiles|x86.ActiveCfg = Debug|Any CPU
		{6825E07E-FB00-4DA5-999D-87F130226F95}.Debug_Azure|Any CPU.ActiveCfg = Debug|Any CPU
		{6825E07E-FB00-4DA5-999D-87F130226F95}.Debug_Azure|Any CPU.Build.0 = Debug|Any CPU
		{6825E07E-FB00-4DA5-999D-87F130226F95}.Debug_Azure|x86.ActiveCfg = Debug|Any CPU
		{6825E07E-FB00-4DA5-999D-87F130226F95}.Debug_local|Any CPU.ActiveCfg = Debug|Any CPU
		{6825E07E-FB00-4DA5-999D-87F130226F95}.Debug_local|Any CPU.Build.0 = Debug|Any CPU
		{6825E07E-FB00-4DA5-999D-87F130226F95}.Debug_local|x86.ActiveCfg = Debug|Any CPU
		{6825E07E-FB00-4DA5-999D-87F130226F95}.Debug|Any CPU.ActiveCfg = Debug|Any CPU
		{6825E07E-FB00-4DA5-999D-87F130226F95}.Debug|Any CPU.Build.0 = Debug|Any CPU
		{6825E07E-FB00-4DA5-999D-87F130226F95}.Debug|x86.ActiveCfg = Debug|Any CPU
		{6825E07E-FB00-4DA5-999D-87F130226F95}.DebugFB|Any CPU.ActiveCfg = Debug|Any CPU
		{6825E07E-FB00-4DA5-999D-87F130226F95}.DebugFB|Any CPU.Build.0 = Debug|Any CPU
		{6825E07E-FB00-4DA5-999D-87F130226F95}.DebugFB|x86.ActiveCfg = Debug|Any CPU
		{6825E07E-FB00-4DA5-999D-87F130226F95}.DebugForProfiler|Any CPU.ActiveCfg = Debug|Any CPU
		{6825E07E-FB00-4DA5-999D-87F130226F95}.DebugForProfiler|Any CPU.Build.0 = Debug|Any CPU
		{6825E07E-FB00-4DA5-999D-87F130226F95}.DebugForProfiler|x86.ActiveCfg = Debug|Any CPU
		{6825E07E-FB00-4DA5-999D-87F130226F95}.DebugNet40|Any CPU.ActiveCfg = Debug|Any CPU
		{6825E07E-FB00-4DA5-999D-87F130226F95}.DebugNet40|Any CPU.Build.0 = Debug|Any CPU
		{6825E07E-FB00-4DA5-999D-87F130226F95}.DebugNet40|x86.ActiveCfg = Debug|Any CPU
		{6825E07E-FB00-4DA5-999D-87F130226F95}.DebugNoRackspace|Any CPU.ActiveCfg = Debug|Any CPU
		{6825E07E-FB00-4DA5-999D-87F130226F95}.DebugNoRackspace|Any CPU.Build.0 = Debug|Any CPU
		{6825E07E-FB00-4DA5-999D-87F130226F95}.DebugNoRackspace|x86.ActiveCfg = Debug|Any CPU
		{6825E07E-FB00-4DA5-999D-87F130226F95}.DebugOpenSocial|Any CPU.ActiveCfg = Debug|Any CPU
		{6825E07E-FB00-4DA5-999D-87F130226F95}.DebugOpenSocial|Any CPU.Build.0 = Debug|Any CPU
		{6825E07E-FB00-4DA5-999D-87F130226F95}.DebugOpenSocial|x86.ActiveCfg = Debug|Any CPU
		{6825E07E-FB00-4DA5-999D-87F130226F95}.Mono|Any CPU.ActiveCfg = Release|Any CPU
		{6825E07E-FB00-4DA5-999D-87F130226F95}.Mono|Any CPU.Build.0 = Release|Any CPU
		{6825E07E-FB00-4DA5-999D-87F130226F95}.Mono|x86.ActiveCfg = Debug|Any CPU
		{6825E07E-FB00-4DA5-999D-87F130226F95}.Release_Azure|Any CPU.ActiveCfg = Release|Any CPU
		{6825E07E-FB00-4DA5-999D-87F130226F95}.Release_Azure|Any CPU.Build.0 = Release|Any CPU
		{6825E07E-FB00-4DA5-999D-87F130226F95}.Release_Azure|x86.ActiveCfg = Release|Any CPU
		{6825E07E-FB00-4DA5-999D-87F130226F95}.Release_Test|Any CPU.ActiveCfg = Release|Any CPU
		{6825E07E-FB00-4DA5-999D-87F130226F95}.Release_Test|Any CPU.Build.0 = Release|Any CPU
		{6825E07E-FB00-4DA5-999D-87F130226F95}.Release_Test|x86.ActiveCfg = Release|Any CPU
		{6825E07E-FB00-4DA5-999D-87F130226F95}.Release|Any CPU.ActiveCfg = Release|Any CPU
		{6825E07E-FB00-4DA5-999D-87F130226F95}.Release|Any CPU.Build.0 = Release|Any CPU
		{6825E07E-FB00-4DA5-999D-87F130226F95}.Release|x86.ActiveCfg = Release|Any CPU
		{6825E07E-FB00-4DA5-999D-87F130226F95}.ReleaseNet40|Any CPU.ActiveCfg = Release|Any CPU
		{6825E07E-FB00-4DA5-999D-87F130226F95}.ReleaseNet40|Any CPU.Build.0 = Release|Any CPU
		{6825E07E-FB00-4DA5-999D-87F130226F95}.ReleaseNet40|x86.ActiveCfg = Release|Any CPU
		{0D0768D7-17E9-45DE-95B9-F24C45B04323}.ClientProfiles|Any CPU.ActiveCfg = DebugForProfiler|Any CPU
		{0D0768D7-17E9-45DE-95B9-F24C45B04323}.ClientProfiles|Any CPU.Build.0 = DebugForProfiler|Any CPU
		{0D0768D7-17E9-45DE-95B9-F24C45B04323}.ClientProfiles|x86.ActiveCfg = Release|Any CPU
		{0D0768D7-17E9-45DE-95B9-F24C45B04323}.Debug_Azure|Any CPU.ActiveCfg = Debug_local|Any CPU
		{0D0768D7-17E9-45DE-95B9-F24C45B04323}.Debug_Azure|Any CPU.Build.0 = Debug_local|Any CPU
		{0D0768D7-17E9-45DE-95B9-F24C45B04323}.Debug_Azure|x86.ActiveCfg = Debug_local|Any CPU
		{0D0768D7-17E9-45DE-95B9-F24C45B04323}.Debug_local|Any CPU.ActiveCfg = Debug_local|Any CPU
		{0D0768D7-17E9-45DE-95B9-F24C45B04323}.Debug_local|Any CPU.Build.0 = Debug_local|Any CPU
		{0D0768D7-17E9-45DE-95B9-F24C45B04323}.Debug_local|x86.ActiveCfg = Debug_local|Any CPU
		{0D0768D7-17E9-45DE-95B9-F24C45B04323}.Debug|Any CPU.ActiveCfg = Debug|Any CPU
		{0D0768D7-17E9-45DE-95B9-F24C45B04323}.Debug|Any CPU.Build.0 = Debug|Any CPU
		{0D0768D7-17E9-45DE-95B9-F24C45B04323}.Debug|x86.ActiveCfg = Debug|Any CPU
		{0D0768D7-17E9-45DE-95B9-F24C45B04323}.DebugFB|Any CPU.ActiveCfg = DebugForProfiler|Any CPU
		{0D0768D7-17E9-45DE-95B9-F24C45B04323}.DebugFB|Any CPU.Build.0 = DebugForProfiler|Any CPU
		{0D0768D7-17E9-45DE-95B9-F24C45B04323}.DebugFB|x86.ActiveCfg = DebugForProfiler|Any CPU
		{0D0768D7-17E9-45DE-95B9-F24C45B04323}.DebugForProfiler|Any CPU.ActiveCfg = DebugForProfiler|Any CPU
		{0D0768D7-17E9-45DE-95B9-F24C45B04323}.DebugForProfiler|Any CPU.Build.0 = DebugForProfiler|Any CPU
		{0D0768D7-17E9-45DE-95B9-F24C45B04323}.DebugForProfiler|x86.ActiveCfg = DebugForProfiler|Any CPU
		{0D0768D7-17E9-45DE-95B9-F24C45B04323}.DebugNet40|Any CPU.ActiveCfg = DebugForProfiler|Any CPU
		{0D0768D7-17E9-45DE-95B9-F24C45B04323}.DebugNet40|Any CPU.Build.0 = DebugForProfiler|Any CPU
		{0D0768D7-17E9-45DE-95B9-F24C45B04323}.DebugNet40|x86.ActiveCfg = Debug|Any CPU
		{0D0768D7-17E9-45DE-95B9-F24C45B04323}.DebugNoRackspace|Any CPU.ActiveCfg = DebugForProfiler|Any CPU
		{0D0768D7-17E9-45DE-95B9-F24C45B04323}.DebugNoRackspace|Any CPU.Build.0 = DebugForProfiler|Any CPU
		{0D0768D7-17E9-45DE-95B9-F24C45B04323}.DebugNoRackspace|x86.ActiveCfg = Debug|Any CPU
		{0D0768D7-17E9-45DE-95B9-F24C45B04323}.DebugOpenSocial|Any CPU.ActiveCfg = DebugForProfiler|Any CPU
		{0D0768D7-17E9-45DE-95B9-F24C45B04323}.DebugOpenSocial|Any CPU.Build.0 = DebugForProfiler|Any CPU
		{0D0768D7-17E9-45DE-95B9-F24C45B04323}.DebugOpenSocial|x86.ActiveCfg = Debug|Any CPU
		{0D0768D7-17E9-45DE-95B9-F24C45B04323}.Mono|Any CPU.ActiveCfg = DebugForProfiler|Any CPU
		{0D0768D7-17E9-45DE-95B9-F24C45B04323}.Mono|Any CPU.Build.0 = DebugForProfiler|Any CPU
		{0D0768D7-17E9-45DE-95B9-F24C45B04323}.Mono|x86.ActiveCfg = Release|Any CPU
		{0D0768D7-17E9-45DE-95B9-F24C45B04323}.Release_Azure|Any CPU.ActiveCfg = Release_Test|Any CPU
		{0D0768D7-17E9-45DE-95B9-F24C45B04323}.Release_Azure|Any CPU.Build.0 = Release_Test|Any CPU
		{0D0768D7-17E9-45DE-95B9-F24C45B04323}.Release_Azure|x86.ActiveCfg = Release_Test|Any CPU
		{0D0768D7-17E9-45DE-95B9-F24C45B04323}.Release_Test|Any CPU.ActiveCfg = Release_Test|Any CPU
		{0D0768D7-17E9-45DE-95B9-F24C45B04323}.Release_Test|Any CPU.Build.0 = Release_Test|Any CPU
		{0D0768D7-17E9-45DE-95B9-F24C45B04323}.Release_Test|x86.ActiveCfg = Release_Test|Any CPU
		{0D0768D7-17E9-45DE-95B9-F24C45B04323}.Release|Any CPU.ActiveCfg = Release|Any CPU
		{0D0768D7-17E9-45DE-95B9-F24C45B04323}.Release|Any CPU.Build.0 = Release|Any CPU
		{0D0768D7-17E9-45DE-95B9-F24C45B04323}.Release|x86.ActiveCfg = Release|Any CPU
		{0D0768D7-17E9-45DE-95B9-F24C45B04323}.ReleaseNet40|Any CPU.ActiveCfg = Release_Test|Any CPU
		{0D0768D7-17E9-45DE-95B9-F24C45B04323}.ReleaseNet40|Any CPU.Build.0 = Release_Test|Any CPU
		{0D0768D7-17E9-45DE-95B9-F24C45B04323}.ReleaseNet40|x86.ActiveCfg = Release|Any CPU
		{14E4934E-A77B-4A05-AB59-2AAEFDF10C22}.ClientProfiles|Any CPU.ActiveCfg = DebugForProfiler|Any CPU
		{14E4934E-A77B-4A05-AB59-2AAEFDF10C22}.ClientProfiles|Any CPU.Build.0 = DebugForProfiler|Any CPU
		{14E4934E-A77B-4A05-AB59-2AAEFDF10C22}.ClientProfiles|x86.ActiveCfg = Release|Any CPU
		{14E4934E-A77B-4A05-AB59-2AAEFDF10C22}.Debug_Azure|Any CPU.ActiveCfg = Debug_local|Any CPU
		{14E4934E-A77B-4A05-AB59-2AAEFDF10C22}.Debug_Azure|Any CPU.Build.0 = Debug_local|Any CPU
		{14E4934E-A77B-4A05-AB59-2AAEFDF10C22}.Debug_Azure|x86.ActiveCfg = Debug_local|Any CPU
		{14E4934E-A77B-4A05-AB59-2AAEFDF10C22}.Debug_local|Any CPU.ActiveCfg = Debug_local|Any CPU
		{14E4934E-A77B-4A05-AB59-2AAEFDF10C22}.Debug_local|Any CPU.Build.0 = Debug_local|Any CPU
		{14E4934E-A77B-4A05-AB59-2AAEFDF10C22}.Debug_local|x86.ActiveCfg = Debug_local|Any CPU
		{14E4934E-A77B-4A05-AB59-2AAEFDF10C22}.Debug|Any CPU.ActiveCfg = Debug|Any CPU
		{14E4934E-A77B-4A05-AB59-2AAEFDF10C22}.Debug|Any CPU.Build.0 = Debug|Any CPU
		{14E4934E-A77B-4A05-AB59-2AAEFDF10C22}.Debug|x86.ActiveCfg = Debug|Any CPU
		{14E4934E-A77B-4A05-AB59-2AAEFDF10C22}.DebugFB|Any CPU.ActiveCfg = DebugForProfiler|Any CPU
		{14E4934E-A77B-4A05-AB59-2AAEFDF10C22}.DebugFB|Any CPU.Build.0 = DebugForProfiler|Any CPU
		{14E4934E-A77B-4A05-AB59-2AAEFDF10C22}.DebugFB|x86.ActiveCfg = DebugForProfiler|Any CPU
		{14E4934E-A77B-4A05-AB59-2AAEFDF10C22}.DebugForProfiler|Any CPU.ActiveCfg = DebugForProfiler|Any CPU
		{14E4934E-A77B-4A05-AB59-2AAEFDF10C22}.DebugForProfiler|Any CPU.Build.0 = DebugForProfiler|Any CPU
		{14E4934E-A77B-4A05-AB59-2AAEFDF10C22}.DebugForProfiler|x86.ActiveCfg = DebugForProfiler|Any CPU
		{14E4934E-A77B-4A05-AB59-2AAEFDF10C22}.DebugNet40|Any CPU.ActiveCfg = DebugForProfiler|Any CPU
		{14E4934E-A77B-4A05-AB59-2AAEFDF10C22}.DebugNet40|Any CPU.Build.0 = DebugForProfiler|Any CPU
		{14E4934E-A77B-4A05-AB59-2AAEFDF10C22}.DebugNet40|x86.ActiveCfg = Debug|Any CPU
		{14E4934E-A77B-4A05-AB59-2AAEFDF10C22}.DebugNoRackspace|Any CPU.ActiveCfg = DebugForProfiler|Any CPU
		{14E4934E-A77B-4A05-AB59-2AAEFDF10C22}.DebugNoRackspace|Any CPU.Build.0 = DebugForProfiler|Any CPU
		{14E4934E-A77B-4A05-AB59-2AAEFDF10C22}.DebugNoRackspace|x86.ActiveCfg = Debug|Any CPU
		{14E4934E-A77B-4A05-AB59-2AAEFDF10C22}.DebugOpenSocial|Any CPU.ActiveCfg = DebugForProfiler|Any CPU
		{14E4934E-A77B-4A05-AB59-2AAEFDF10C22}.DebugOpenSocial|Any CPU.Build.0 = DebugForProfiler|Any CPU
		{14E4934E-A77B-4A05-AB59-2AAEFDF10C22}.DebugOpenSocial|x86.ActiveCfg = Debug|Any CPU
		{14E4934E-A77B-4A05-AB59-2AAEFDF10C22}.Mono|Any CPU.ActiveCfg = DebugForProfiler|Any CPU
		{14E4934E-A77B-4A05-AB59-2AAEFDF10C22}.Mono|Any CPU.Build.0 = DebugForProfiler|Any CPU
		{14E4934E-A77B-4A05-AB59-2AAEFDF10C22}.Mono|x86.ActiveCfg = Release|Any CPU
		{14E4934E-A77B-4A05-AB59-2AAEFDF10C22}.Release_Azure|Any CPU.ActiveCfg = Release_Test|Any CPU
		{14E4934E-A77B-4A05-AB59-2AAEFDF10C22}.Release_Azure|Any CPU.Build.0 = Release_Test|Any CPU
		{14E4934E-A77B-4A05-AB59-2AAEFDF10C22}.Release_Azure|x86.ActiveCfg = Release_Test|Any CPU
		{14E4934E-A77B-4A05-AB59-2AAEFDF10C22}.Release_Test|Any CPU.ActiveCfg = Release_Test|Any CPU
		{14E4934E-A77B-4A05-AB59-2AAEFDF10C22}.Release_Test|Any CPU.Build.0 = Release_Test|Any CPU
		{14E4934E-A77B-4A05-AB59-2AAEFDF10C22}.Release_Test|x86.ActiveCfg = Release_Test|Any CPU
		{14E4934E-A77B-4A05-AB59-2AAEFDF10C22}.Release|Any CPU.ActiveCfg = Release|Any CPU
		{14E4934E-A77B-4A05-AB59-2AAEFDF10C22}.Release|Any CPU.Build.0 = Release|Any CPU
		{14E4934E-A77B-4A05-AB59-2AAEFDF10C22}.Release|x86.ActiveCfg = Release|Any CPU
		{14E4934E-A77B-4A05-AB59-2AAEFDF10C22}.ReleaseNet40|Any CPU.ActiveCfg = Release_Test|Any CPU
		{14E4934E-A77B-4A05-AB59-2AAEFDF10C22}.ReleaseNet40|Any CPU.Build.0 = Release_Test|Any CPU
		{14E4934E-A77B-4A05-AB59-2AAEFDF10C22}.ReleaseNet40|x86.ActiveCfg = Release|Any CPU
		{EB69AA64-0C7F-49AC-984F-C2DE89321EC2}.ClientProfiles|Any CPU.ActiveCfg = DebugForProfiler|Any CPU
		{EB69AA64-0C7F-49AC-984F-C2DE89321EC2}.ClientProfiles|Any CPU.Build.0 = DebugForProfiler|Any CPU
		{EB69AA64-0C7F-49AC-984F-C2DE89321EC2}.ClientProfiles|x86.ActiveCfg = Release|Any CPU
		{EB69AA64-0C7F-49AC-984F-C2DE89321EC2}.Debug_Azure|Any CPU.ActiveCfg = DebugForProfiler|Any CPU
		{EB69AA64-0C7F-49AC-984F-C2DE89321EC2}.Debug_Azure|Any CPU.Build.0 = DebugForProfiler|Any CPU
		{EB69AA64-0C7F-49AC-984F-C2DE89321EC2}.Debug_Azure|x86.ActiveCfg = Debug|Any CPU
		{EB69AA64-0C7F-49AC-984F-C2DE89321EC2}.Debug_local|Any CPU.ActiveCfg = DebugForProfiler|Any CPU
		{EB69AA64-0C7F-49AC-984F-C2DE89321EC2}.Debug_local|Any CPU.Build.0 = DebugForProfiler|Any CPU
		{EB69AA64-0C7F-49AC-984F-C2DE89321EC2}.Debug_local|x86.ActiveCfg = Debug|Any CPU
		{EB69AA64-0C7F-49AC-984F-C2DE89321EC2}.Debug|Any CPU.ActiveCfg = Debug|Any CPU
		{EB69AA64-0C7F-49AC-984F-C2DE89321EC2}.Debug|Any CPU.Build.0 = Debug|Any CPU
		{EB69AA64-0C7F-49AC-984F-C2DE89321EC2}.Debug|x86.ActiveCfg = Debug|Any CPU
		{EB69AA64-0C7F-49AC-984F-C2DE89321EC2}.DebugFB|Any CPU.ActiveCfg = DebugForProfiler|Any CPU
		{EB69AA64-0C7F-49AC-984F-C2DE89321EC2}.DebugFB|Any CPU.Build.0 = DebugForProfiler|Any CPU
		{EB69AA64-0C7F-49AC-984F-C2DE89321EC2}.DebugFB|x86.ActiveCfg = DebugForProfiler|Any CPU
		{EB69AA64-0C7F-49AC-984F-C2DE89321EC2}.DebugForProfiler|Any CPU.ActiveCfg = DebugForProfiler|Any CPU
		{EB69AA64-0C7F-49AC-984F-C2DE89321EC2}.DebugForProfiler|Any CPU.Build.0 = DebugForProfiler|Any CPU
		{EB69AA64-0C7F-49AC-984F-C2DE89321EC2}.DebugForProfiler|x86.ActiveCfg = DebugForProfiler|Any CPU
		{EB69AA64-0C7F-49AC-984F-C2DE89321EC2}.DebugNet40|Any CPU.ActiveCfg = DebugForProfiler|Any CPU
		{EB69AA64-0C7F-49AC-984F-C2DE89321EC2}.DebugNet40|Any CPU.Build.0 = DebugForProfiler|Any CPU
		{EB69AA64-0C7F-49AC-984F-C2DE89321EC2}.DebugNet40|x86.ActiveCfg = Debug|Any CPU
		{EB69AA64-0C7F-49AC-984F-C2DE89321EC2}.DebugNoRackspace|Any CPU.ActiveCfg = DebugForProfiler|Any CPU
		{EB69AA64-0C7F-49AC-984F-C2DE89321EC2}.DebugNoRackspace|Any CPU.Build.0 = DebugForProfiler|Any CPU
		{EB69AA64-0C7F-49AC-984F-C2DE89321EC2}.DebugNoRackspace|x86.ActiveCfg = Debug|Any CPU
		{EB69AA64-0C7F-49AC-984F-C2DE89321EC2}.DebugOpenSocial|Any CPU.ActiveCfg = DebugForProfiler|Any CPU
		{EB69AA64-0C7F-49AC-984F-C2DE89321EC2}.DebugOpenSocial|Any CPU.Build.0 = DebugForProfiler|Any CPU
		{EB69AA64-0C7F-49AC-984F-C2DE89321EC2}.DebugOpenSocial|x86.ActiveCfg = Debug|Any CPU
		{EB69AA64-0C7F-49AC-984F-C2DE89321EC2}.Mono|Any CPU.ActiveCfg = DebugForProfiler|Any CPU
		{EB69AA64-0C7F-49AC-984F-C2DE89321EC2}.Mono|Any CPU.Build.0 = DebugForProfiler|Any CPU
		{EB69AA64-0C7F-49AC-984F-C2DE89321EC2}.Mono|x86.ActiveCfg = Release|Any CPU
		{EB69AA64-0C7F-49AC-984F-C2DE89321EC2}.Release_Azure|Any CPU.ActiveCfg = Release|Any CPU
		{EB69AA64-0C7F-49AC-984F-C2DE89321EC2}.Release_Azure|Any CPU.Build.0 = Release|Any CPU
		{EB69AA64-0C7F-49AC-984F-C2DE89321EC2}.Release_Azure|x86.ActiveCfg = Release|Any CPU
		{EB69AA64-0C7F-49AC-984F-C2DE89321EC2}.Release_Test|Any CPU.ActiveCfg = Release|Any CPU
		{EB69AA64-0C7F-49AC-984F-C2DE89321EC2}.Release_Test|Any CPU.Build.0 = Release|Any CPU
		{EB69AA64-0C7F-49AC-984F-C2DE89321EC2}.Release_Test|x86.ActiveCfg = Release|Any CPU
		{EB69AA64-0C7F-49AC-984F-C2DE89321EC2}.Release|Any CPU.ActiveCfg = Release|Any CPU
		{EB69AA64-0C7F-49AC-984F-C2DE89321EC2}.Release|Any CPU.Build.0 = Release|Any CPU
		{EB69AA64-0C7F-49AC-984F-C2DE89321EC2}.Release|x86.ActiveCfg = Release|Any CPU
		{EB69AA64-0C7F-49AC-984F-C2DE89321EC2}.ReleaseNet40|Any CPU.ActiveCfg = Release|Any CPU
		{EB69AA64-0C7F-49AC-984F-C2DE89321EC2}.ReleaseNet40|Any CPU.Build.0 = Release|Any CPU
		{EB69AA64-0C7F-49AC-984F-C2DE89321EC2}.ReleaseNet40|x86.ActiveCfg = Release|Any CPU
		{270CE8D7-4EEB-4106-9D3E-A7DFDC642F85}.ClientProfiles|Any CPU.ActiveCfg = Release|Any CPU
		{270CE8D7-4EEB-4106-9D3E-A7DFDC642F85}.ClientProfiles|Any CPU.Build.0 = Release|Any CPU
		{270CE8D7-4EEB-4106-9D3E-A7DFDC642F85}.ClientProfiles|x86.ActiveCfg = Release|Any CPU
		{270CE8D7-4EEB-4106-9D3E-A7DFDC642F85}.Debug_Azure|Any CPU.ActiveCfg = Debug|Any CPU
		{270CE8D7-4EEB-4106-9D3E-A7DFDC642F85}.Debug_Azure|Any CPU.Build.0 = Debug|Any CPU
		{270CE8D7-4EEB-4106-9D3E-A7DFDC642F85}.Debug_Azure|x86.ActiveCfg = Debug|Any CPU
		{270CE8D7-4EEB-4106-9D3E-A7DFDC642F85}.Debug_local|Any CPU.ActiveCfg = Debug|Any CPU
		{270CE8D7-4EEB-4106-9D3E-A7DFDC642F85}.Debug_local|Any CPU.Build.0 = Debug|Any CPU
		{270CE8D7-4EEB-4106-9D3E-A7DFDC642F85}.Debug_local|x86.ActiveCfg = Debug|Any CPU
		{270CE8D7-4EEB-4106-9D3E-A7DFDC642F85}.Debug|Any CPU.ActiveCfg = Debug|Any CPU
		{270CE8D7-4EEB-4106-9D3E-A7DFDC642F85}.Debug|Any CPU.Build.0 = Debug|Any CPU
		{270CE8D7-4EEB-4106-9D3E-A7DFDC642F85}.Debug|x86.ActiveCfg = Debug|Any CPU
		{270CE8D7-4EEB-4106-9D3E-A7DFDC642F85}.DebugFB|Any CPU.ActiveCfg = Debug|Any CPU
		{270CE8D7-4EEB-4106-9D3E-A7DFDC642F85}.DebugFB|Any CPU.Build.0 = Debug|Any CPU
		{270CE8D7-4EEB-4106-9D3E-A7DFDC642F85}.DebugFB|x86.ActiveCfg = Debug|Any CPU
		{270CE8D7-4EEB-4106-9D3E-A7DFDC642F85}.DebugForProfiler|Any CPU.ActiveCfg = Debug|Any CPU
		{270CE8D7-4EEB-4106-9D3E-A7DFDC642F85}.DebugForProfiler|Any CPU.Build.0 = Debug|Any CPU
		{270CE8D7-4EEB-4106-9D3E-A7DFDC642F85}.DebugForProfiler|x86.ActiveCfg = Debug|Any CPU
		{270CE8D7-4EEB-4106-9D3E-A7DFDC642F85}.DebugNet40|Any CPU.ActiveCfg = Debug|Any CPU
		{270CE8D7-4EEB-4106-9D3E-A7DFDC642F85}.DebugNet40|Any CPU.Build.0 = Debug|Any CPU
		{270CE8D7-4EEB-4106-9D3E-A7DFDC642F85}.DebugNet40|x86.ActiveCfg = Debug|Any CPU
		{270CE8D7-4EEB-4106-9D3E-A7DFDC642F85}.DebugNoRackspace|Any CPU.ActiveCfg = Debug|Any CPU
		{270CE8D7-4EEB-4106-9D3E-A7DFDC642F85}.DebugNoRackspace|Any CPU.Build.0 = Debug|Any CPU
		{270CE8D7-4EEB-4106-9D3E-A7DFDC642F85}.DebugNoRackspace|x86.ActiveCfg = Debug|Any CPU
		{270CE8D7-4EEB-4106-9D3E-A7DFDC642F85}.DebugOpenSocial|Any CPU.ActiveCfg = Debug|Any CPU
		{270CE8D7-4EEB-4106-9D3E-A7DFDC642F85}.DebugOpenSocial|Any CPU.Build.0 = Debug|Any CPU
		{270CE8D7-4EEB-4106-9D3E-A7DFDC642F85}.DebugOpenSocial|x86.ActiveCfg = Debug|Any CPU
		{270CE8D7-4EEB-4106-9D3E-A7DFDC642F85}.Mono|Any CPU.ActiveCfg = Release|Any CPU
		{270CE8D7-4EEB-4106-9D3E-A7DFDC642F85}.Mono|Any CPU.Build.0 = Release|Any CPU
		{270CE8D7-4EEB-4106-9D3E-A7DFDC642F85}.Mono|x86.ActiveCfg = Release|Any CPU
		{270CE8D7-4EEB-4106-9D3E-A7DFDC642F85}.Release_Azure|Any CPU.ActiveCfg = Release|Any CPU
		{270CE8D7-4EEB-4106-9D3E-A7DFDC642F85}.Release_Azure|Any CPU.Build.0 = Release|Any CPU
		{270CE8D7-4EEB-4106-9D3E-A7DFDC642F85}.Release_Azure|x86.ActiveCfg = Release|Any CPU
		{270CE8D7-4EEB-4106-9D3E-A7DFDC642F85}.Release_Test|Any CPU.ActiveCfg = Release|Any CPU
		{270CE8D7-4EEB-4106-9D3E-A7DFDC642F85}.Release_Test|Any CPU.Build.0 = Release|Any CPU
		{270CE8D7-4EEB-4106-9D3E-A7DFDC642F85}.Release_Test|x86.ActiveCfg = Release|Any CPU
		{270CE8D7-4EEB-4106-9D3E-A7DFDC642F85}.Release|Any CPU.ActiveCfg = Release|Any CPU
		{270CE8D7-4EEB-4106-9D3E-A7DFDC642F85}.Release|Any CPU.Build.0 = Release|Any CPU
		{270CE8D7-4EEB-4106-9D3E-A7DFDC642F85}.Release|x86.ActiveCfg = Release|Any CPU
		{270CE8D7-4EEB-4106-9D3E-A7DFDC642F85}.ReleaseNet40|Any CPU.ActiveCfg = Release|Any CPU
		{270CE8D7-4EEB-4106-9D3E-A7DFDC642F85}.ReleaseNet40|Any CPU.Build.0 = Release|Any CPU
		{270CE8D7-4EEB-4106-9D3E-A7DFDC642F85}.ReleaseNet40|x86.ActiveCfg = Release|Any CPU
		{A169311B-C7D2-4B6D-BDE4-F8ADAF67825A}.ClientProfiles|Any CPU.ActiveCfg = Release|Any CPU
		{A169311B-C7D2-4B6D-BDE4-F8ADAF67825A}.ClientProfiles|Any CPU.Build.0 = Release|Any CPU
		{A169311B-C7D2-4B6D-BDE4-F8ADAF67825A}.ClientProfiles|x86.ActiveCfg = Release|Any CPU
		{A169311B-C7D2-4B6D-BDE4-F8ADAF67825A}.Debug_Azure|Any CPU.ActiveCfg = Debug|Any CPU
		{A169311B-C7D2-4B6D-BDE4-F8ADAF67825A}.Debug_Azure|Any CPU.Build.0 = Debug|Any CPU
		{A169311B-C7D2-4B6D-BDE4-F8ADAF67825A}.Debug_Azure|x86.ActiveCfg = Debug|Any CPU
		{A169311B-C7D2-4B6D-BDE4-F8ADAF67825A}.Debug_local|Any CPU.ActiveCfg = Debug|Any CPU
		{A169311B-C7D2-4B6D-BDE4-F8ADAF67825A}.Debug_local|Any CPU.Build.0 = Debug|Any CPU
		{A169311B-C7D2-4B6D-BDE4-F8ADAF67825A}.Debug_local|x86.ActiveCfg = Debug|Any CPU
		{A169311B-C7D2-4B6D-BDE4-F8ADAF67825A}.Debug|Any CPU.ActiveCfg = Debug|Any CPU
		{A169311B-C7D2-4B6D-BDE4-F8ADAF67825A}.Debug|Any CPU.Build.0 = Debug|Any CPU
		{A169311B-C7D2-4B6D-BDE4-F8ADAF67825A}.Debug|x86.ActiveCfg = Debug|Any CPU
		{A169311B-C7D2-4B6D-BDE4-F8ADAF67825A}.DebugFB|Any CPU.ActiveCfg = Debug|Any CPU
		{A169311B-C7D2-4B6D-BDE4-F8ADAF67825A}.DebugFB|Any CPU.Build.0 = Debug|Any CPU
		{A169311B-C7D2-4B6D-BDE4-F8ADAF67825A}.DebugFB|x86.ActiveCfg = Debug|Any CPU
		{A169311B-C7D2-4B6D-BDE4-F8ADAF67825A}.DebugForProfiler|Any CPU.ActiveCfg = Debug|Any CPU
		{A169311B-C7D2-4B6D-BDE4-F8ADAF67825A}.DebugForProfiler|Any CPU.Build.0 = Debug|Any CPU
		{A169311B-C7D2-4B6D-BDE4-F8ADAF67825A}.DebugForProfiler|x86.ActiveCfg = Debug|Any CPU
		{A169311B-C7D2-4B6D-BDE4-F8ADAF67825A}.DebugNet40|Any CPU.ActiveCfg = Debug|Any CPU
		{A169311B-C7D2-4B6D-BDE4-F8ADAF67825A}.DebugNet40|Any CPU.Build.0 = Debug|Any CPU
		{A169311B-C7D2-4B6D-BDE4-F8ADAF67825A}.DebugNet40|x86.ActiveCfg = Debug|Any CPU
		{A169311B-C7D2-4B6D-BDE4-F8ADAF67825A}.DebugNoRackspace|Any CPU.ActiveCfg = Debug|Any CPU
		{A169311B-C7D2-4B6D-BDE4-F8ADAF67825A}.DebugNoRackspace|Any CPU.Build.0 = Debug|Any CPU
		{A169311B-C7D2-4B6D-BDE4-F8ADAF67825A}.DebugNoRackspace|x86.ActiveCfg = Debug|Any CPU
		{A169311B-C7D2-4B6D-BDE4-F8ADAF67825A}.DebugOpenSocial|Any CPU.ActiveCfg = Debug|Any CPU
		{A169311B-C7D2-4B6D-BDE4-F8ADAF67825A}.DebugOpenSocial|Any CPU.Build.0 = Debug|Any CPU
		{A169311B-C7D2-4B6D-BDE4-F8ADAF67825A}.DebugOpenSocial|x86.ActiveCfg = Debug|Any CPU
		{A169311B-C7D2-4B6D-BDE4-F8ADAF67825A}.Mono|Any CPU.ActiveCfg = Release|Any CPU
		{A169311B-C7D2-4B6D-BDE4-F8ADAF67825A}.Mono|Any CPU.Build.0 = Release|Any CPU
		{A169311B-C7D2-4B6D-BDE4-F8ADAF67825A}.Mono|x86.ActiveCfg = Release|Any CPU
		{A169311B-C7D2-4B6D-BDE4-F8ADAF67825A}.Release_Azure|Any CPU.ActiveCfg = Release|Any CPU
		{A169311B-C7D2-4B6D-BDE4-F8ADAF67825A}.Release_Azure|Any CPU.Build.0 = Release|Any CPU
		{A169311B-C7D2-4B6D-BDE4-F8ADAF67825A}.Release_Azure|x86.ActiveCfg = Release|Any CPU
		{A169311B-C7D2-4B6D-BDE4-F8ADAF67825A}.Release_Test|Any CPU.ActiveCfg = Release|Any CPU
		{A169311B-C7D2-4B6D-BDE4-F8ADAF67825A}.Release_Test|Any CPU.Build.0 = Release|Any CPU
		{A169311B-C7D2-4B6D-BDE4-F8ADAF67825A}.Release_Test|x86.ActiveCfg = Release|Any CPU
		{A169311B-C7D2-4B6D-BDE4-F8ADAF67825A}.Release|Any CPU.ActiveCfg = Release|Any CPU
		{A169311B-C7D2-4B6D-BDE4-F8ADAF67825A}.Release|Any CPU.Build.0 = Release|Any CPU
		{A169311B-C7D2-4B6D-BDE4-F8ADAF67825A}.Release|x86.ActiveCfg = Release|Any CPU
		{A169311B-C7D2-4B6D-BDE4-F8ADAF67825A}.ReleaseNet40|Any CPU.ActiveCfg = Release|Any CPU
		{A169311B-C7D2-4B6D-BDE4-F8ADAF67825A}.ReleaseNet40|Any CPU.Build.0 = Release|Any CPU
		{A169311B-C7D2-4B6D-BDE4-F8ADAF67825A}.ReleaseNet40|x86.ActiveCfg = Release|Any CPU
		{A214B9F0-6B8C-4E91-BE99-27F55CC860C1}.ClientProfiles|Any CPU.ActiveCfg = Release|Any CPU
		{A214B9F0-6B8C-4E91-BE99-27F55CC860C1}.ClientProfiles|Any CPU.Build.0 = Release|Any CPU
		{A214B9F0-6B8C-4E91-BE99-27F55CC860C1}.ClientProfiles|x86.ActiveCfg = Release|x86
		{A214B9F0-6B8C-4E91-BE99-27F55CC860C1}.ClientProfiles|x86.Build.0 = Release|x86
		{A214B9F0-6B8C-4E91-BE99-27F55CC860C1}.Debug_Azure|Any CPU.ActiveCfg = Debug|Any CPU
		{A214B9F0-6B8C-4E91-BE99-27F55CC860C1}.Debug_Azure|Any CPU.Build.0 = Debug|Any CPU
		{A214B9F0-6B8C-4E91-BE99-27F55CC860C1}.Debug_Azure|x86.ActiveCfg = Debug|x86
		{A214B9F0-6B8C-4E91-BE99-27F55CC860C1}.Debug_Azure|x86.Build.0 = Debug|x86
		{A214B9F0-6B8C-4E91-BE99-27F55CC860C1}.Debug_local|Any CPU.ActiveCfg = Debug|Any CPU
		{A214B9F0-6B8C-4E91-BE99-27F55CC860C1}.Debug_local|Any CPU.Build.0 = Debug|Any CPU
		{A214B9F0-6B8C-4E91-BE99-27F55CC860C1}.Debug_local|x86.ActiveCfg = Debug|x86
		{A214B9F0-6B8C-4E91-BE99-27F55CC860C1}.Debug_local|x86.Build.0 = Debug|x86
		{A214B9F0-6B8C-4E91-BE99-27F55CC860C1}.Debug|Any CPU.ActiveCfg = Debug|Any CPU
		{A214B9F0-6B8C-4E91-BE99-27F55CC860C1}.Debug|Any CPU.Build.0 = Debug|Any CPU
		{A214B9F0-6B8C-4E91-BE99-27F55CC860C1}.Debug|x86.ActiveCfg = Debug|x86
		{A214B9F0-6B8C-4E91-BE99-27F55CC860C1}.Debug|x86.Build.0 = Debug|x86
		{A214B9F0-6B8C-4E91-BE99-27F55CC860C1}.DebugFB|Any CPU.ActiveCfg = Debug|Any CPU
		{A214B9F0-6B8C-4E91-BE99-27F55CC860C1}.DebugFB|Any CPU.Build.0 = Debug|Any CPU
		{A214B9F0-6B8C-4E91-BE99-27F55CC860C1}.DebugFB|x86.ActiveCfg = Debug|x86
		{A214B9F0-6B8C-4E91-BE99-27F55CC860C1}.DebugFB|x86.Build.0 = Debug|x86
		{A214B9F0-6B8C-4E91-BE99-27F55CC860C1}.DebugForProfiler|Any CPU.ActiveCfg = Debug|Any CPU
		{A214B9F0-6B8C-4E91-BE99-27F55CC860C1}.DebugForProfiler|Any CPU.Build.0 = Debug|Any CPU
		{A214B9F0-6B8C-4E91-BE99-27F55CC860C1}.DebugForProfiler|x86.ActiveCfg = Debug|x86
		{A214B9F0-6B8C-4E91-BE99-27F55CC860C1}.DebugForProfiler|x86.Build.0 = Debug|x86
		{A214B9F0-6B8C-4E91-BE99-27F55CC860C1}.DebugNet40|Any CPU.ActiveCfg = Debug|Any CPU
		{A214B9F0-6B8C-4E91-BE99-27F55CC860C1}.DebugNet40|Any CPU.Build.0 = Debug|Any CPU
		{A214B9F0-6B8C-4E91-BE99-27F55CC860C1}.DebugNet40|x86.ActiveCfg = Debug|x86
		{A214B9F0-6B8C-4E91-BE99-27F55CC860C1}.DebugNet40|x86.Build.0 = Debug|x86
		{A214B9F0-6B8C-4E91-BE99-27F55CC860C1}.DebugNoRackspace|Any CPU.ActiveCfg = Debug|Any CPU
		{A214B9F0-6B8C-4E91-BE99-27F55CC860C1}.DebugNoRackspace|Any CPU.Build.0 = Debug|Any CPU
		{A214B9F0-6B8C-4E91-BE99-27F55CC860C1}.DebugNoRackspace|x86.ActiveCfg = Debug|x86
		{A214B9F0-6B8C-4E91-BE99-27F55CC860C1}.DebugNoRackspace|x86.Build.0 = Debug|x86
		{A214B9F0-6B8C-4E91-BE99-27F55CC860C1}.DebugOpenSocial|Any CPU.ActiveCfg = Debug|Any CPU
		{A214B9F0-6B8C-4E91-BE99-27F55CC860C1}.DebugOpenSocial|Any CPU.Build.0 = Debug|Any CPU
		{A214B9F0-6B8C-4E91-BE99-27F55CC860C1}.DebugOpenSocial|x86.ActiveCfg = Debug|x86
		{A214B9F0-6B8C-4E91-BE99-27F55CC860C1}.DebugOpenSocial|x86.Build.0 = Debug|x86
		{A214B9F0-6B8C-4E91-BE99-27F55CC860C1}.Mono|Any CPU.ActiveCfg = Release|Any CPU
		{A214B9F0-6B8C-4E91-BE99-27F55CC860C1}.Mono|Any CPU.Build.0 = Release|Any CPU
		{A214B9F0-6B8C-4E91-BE99-27F55CC860C1}.Mono|x86.ActiveCfg = Release|x86
		{A214B9F0-6B8C-4E91-BE99-27F55CC860C1}.Mono|x86.Build.0 = Release|x86
		{A214B9F0-6B8C-4E91-BE99-27F55CC860C1}.Release_Azure|Any CPU.ActiveCfg = Release|Any CPU
		{A214B9F0-6B8C-4E91-BE99-27F55CC860C1}.Release_Azure|Any CPU.Build.0 = Release|Any CPU
		{A214B9F0-6B8C-4E91-BE99-27F55CC860C1}.Release_Azure|x86.ActiveCfg = Release|x86
		{A214B9F0-6B8C-4E91-BE99-27F55CC860C1}.Release_Azure|x86.Build.0 = Release|x86
		{A214B9F0-6B8C-4E91-BE99-27F55CC860C1}.Release_Test|Any CPU.ActiveCfg = Release|Any CPU
		{A214B9F0-6B8C-4E91-BE99-27F55CC860C1}.Release_Test|Any CPU.Build.0 = Release|Any CPU
		{A214B9F0-6B8C-4E91-BE99-27F55CC860C1}.Release_Test|x86.ActiveCfg = Release|x86
		{A214B9F0-6B8C-4E91-BE99-27F55CC860C1}.Release_Test|x86.Build.0 = Release|x86
		{A214B9F0-6B8C-4E91-BE99-27F55CC860C1}.Release|Any CPU.ActiveCfg = Release|Any CPU
		{A214B9F0-6B8C-4E91-BE99-27F55CC860C1}.Release|Any CPU.Build.0 = Release|Any CPU
		{A214B9F0-6B8C-4E91-BE99-27F55CC860C1}.Release|x86.ActiveCfg = Release|x86
		{A214B9F0-6B8C-4E91-BE99-27F55CC860C1}.Release|x86.Build.0 = Release|x86
		{A214B9F0-6B8C-4E91-BE99-27F55CC860C1}.ReleaseNet40|Any CPU.ActiveCfg = Release|Any CPU
		{A214B9F0-6B8C-4E91-BE99-27F55CC860C1}.ReleaseNet40|Any CPU.Build.0 = Release|Any CPU
		{A214B9F0-6B8C-4E91-BE99-27F55CC860C1}.ReleaseNet40|x86.ActiveCfg = Release|x86
		{A214B9F0-6B8C-4E91-BE99-27F55CC860C1}.ReleaseNet40|x86.Build.0 = Release|x86
		{EE1F752C-1FAB-41AD-AD63-857D0E62AB6B}.ClientProfiles|Any CPU.ActiveCfg = Release|Any CPU
		{EE1F752C-1FAB-41AD-AD63-857D0E62AB6B}.ClientProfiles|Any CPU.Build.0 = Release|Any CPU
		{EE1F752C-1FAB-41AD-AD63-857D0E62AB6B}.ClientProfiles|x86.ActiveCfg = Release|Any CPU
		{EE1F752C-1FAB-41AD-AD63-857D0E62AB6B}.Debug_Azure|Any CPU.ActiveCfg = Debug|Any CPU
		{EE1F752C-1FAB-41AD-AD63-857D0E62AB6B}.Debug_Azure|Any CPU.Build.0 = Debug|Any CPU
		{EE1F752C-1FAB-41AD-AD63-857D0E62AB6B}.Debug_Azure|x86.ActiveCfg = Debug|Any CPU
		{EE1F752C-1FAB-41AD-AD63-857D0E62AB6B}.Debug_local|Any CPU.ActiveCfg = Debug|Any CPU
		{EE1F752C-1FAB-41AD-AD63-857D0E62AB6B}.Debug_local|Any CPU.Build.0 = Debug|Any CPU
		{EE1F752C-1FAB-41AD-AD63-857D0E62AB6B}.Debug_local|x86.ActiveCfg = Debug|Any CPU
		{EE1F752C-1FAB-41AD-AD63-857D0E62AB6B}.Debug|Any CPU.ActiveCfg = Debug|Any CPU
		{EE1F752C-1FAB-41AD-AD63-857D0E62AB6B}.Debug|Any CPU.Build.0 = Debug|Any CPU
		{EE1F752C-1FAB-41AD-AD63-857D0E62AB6B}.Debug|x86.ActiveCfg = Debug|Any CPU
		{EE1F752C-1FAB-41AD-AD63-857D0E62AB6B}.DebugFB|Any CPU.ActiveCfg = Debug|Any CPU
		{EE1F752C-1FAB-41AD-AD63-857D0E62AB6B}.DebugFB|Any CPU.Build.0 = Debug|Any CPU
		{EE1F752C-1FAB-41AD-AD63-857D0E62AB6B}.DebugFB|x86.ActiveCfg = Debug|Any CPU
		{EE1F752C-1FAB-41AD-AD63-857D0E62AB6B}.DebugForProfiler|Any CPU.ActiveCfg = Debug|Any CPU
		{EE1F752C-1FAB-41AD-AD63-857D0E62AB6B}.DebugForProfiler|Any CPU.Build.0 = Debug|Any CPU
		{EE1F752C-1FAB-41AD-AD63-857D0E62AB6B}.DebugForProfiler|x86.ActiveCfg = Debug|Any CPU
		{EE1F752C-1FAB-41AD-AD63-857D0E62AB6B}.DebugNet40|Any CPU.ActiveCfg = Debug|Any CPU
		{EE1F752C-1FAB-41AD-AD63-857D0E62AB6B}.DebugNet40|Any CPU.Build.0 = Debug|Any CPU
		{EE1F752C-1FAB-41AD-AD63-857D0E62AB6B}.DebugNet40|x86.ActiveCfg = Debug|Any CPU
		{EE1F752C-1FAB-41AD-AD63-857D0E62AB6B}.DebugNoRackspace|Any CPU.ActiveCfg = Debug|Any CPU
		{EE1F752C-1FAB-41AD-AD63-857D0E62AB6B}.DebugNoRackspace|Any CPU.Build.0 = Debug|Any CPU
		{EE1F752C-1FAB-41AD-AD63-857D0E62AB6B}.DebugNoRackspace|x86.ActiveCfg = Debug|Any CPU
		{EE1F752C-1FAB-41AD-AD63-857D0E62AB6B}.DebugOpenSocial|Any CPU.ActiveCfg = Debug|Any CPU
		{EE1F752C-1FAB-41AD-AD63-857D0E62AB6B}.DebugOpenSocial|Any CPU.Build.0 = Debug|Any CPU
		{EE1F752C-1FAB-41AD-AD63-857D0E62AB6B}.DebugOpenSocial|x86.ActiveCfg = Debug|Any CPU
		{EE1F752C-1FAB-41AD-AD63-857D0E62AB6B}.Mono|Any CPU.ActiveCfg = Release|Any CPU
		{EE1F752C-1FAB-41AD-AD63-857D0E62AB6B}.Mono|Any CPU.Build.0 = Release|Any CPU
		{EE1F752C-1FAB-41AD-AD63-857D0E62AB6B}.Mono|x86.ActiveCfg = Release|Any CPU
		{EE1F752C-1FAB-41AD-AD63-857D0E62AB6B}.Release_Azure|Any CPU.ActiveCfg = Release|Any CPU
		{EE1F752C-1FAB-41AD-AD63-857D0E62AB6B}.Release_Azure|Any CPU.Build.0 = Release|Any CPU
		{EE1F752C-1FAB-41AD-AD63-857D0E62AB6B}.Release_Azure|x86.ActiveCfg = Release|Any CPU
		{EE1F752C-1FAB-41AD-AD63-857D0E62AB6B}.Release_Test|Any CPU.ActiveCfg = Release|Any CPU
		{EE1F752C-1FAB-41AD-AD63-857D0E62AB6B}.Release_Test|Any CPU.Build.0 = Release|Any CPU
		{EE1F752C-1FAB-41AD-AD63-857D0E62AB6B}.Release_Test|x86.ActiveCfg = Release|Any CPU
		{EE1F752C-1FAB-41AD-AD63-857D0E62AB6B}.Release|Any CPU.ActiveCfg = Release|Any CPU
		{EE1F752C-1FAB-41AD-AD63-857D0E62AB6B}.Release|Any CPU.Build.0 = Release|Any CPU
		{EE1F752C-1FAB-41AD-AD63-857D0E62AB6B}.Release|x86.ActiveCfg = Release|Any CPU
		{EE1F752C-1FAB-41AD-AD63-857D0E62AB6B}.ReleaseNet40|Any CPU.ActiveCfg = Release|Any CPU
		{EE1F752C-1FAB-41AD-AD63-857D0E62AB6B}.ReleaseNet40|Any CPU.Build.0 = Release|Any CPU
		{EE1F752C-1FAB-41AD-AD63-857D0E62AB6B}.ReleaseNet40|x86.ActiveCfg = Release|Any CPU
		{1FB1A6FE-1898-4E72-906E-1C160AB50F2F}.ClientProfiles|Any CPU.ActiveCfg = Release|Any CPU
		{1FB1A6FE-1898-4E72-906E-1C160AB50F2F}.ClientProfiles|Any CPU.Build.0 = Release|Any CPU
		{1FB1A6FE-1898-4E72-906E-1C160AB50F2F}.ClientProfiles|x86.ActiveCfg = Release|Any CPU
		{1FB1A6FE-1898-4E72-906E-1C160AB50F2F}.Debug_Azure|Any CPU.ActiveCfg = Debug|Any CPU
		{1FB1A6FE-1898-4E72-906E-1C160AB50F2F}.Debug_Azure|Any CPU.Build.0 = Debug|Any CPU
		{1FB1A6FE-1898-4E72-906E-1C160AB50F2F}.Debug_Azure|x86.ActiveCfg = Debug|Any CPU
		{1FB1A6FE-1898-4E72-906E-1C160AB50F2F}.Debug_local|Any CPU.ActiveCfg = Debug|Any CPU
		{1FB1A6FE-1898-4E72-906E-1C160AB50F2F}.Debug_local|Any CPU.Build.0 = Debug|Any CPU
		{1FB1A6FE-1898-4E72-906E-1C160AB50F2F}.Debug_local|x86.ActiveCfg = Debug|Any CPU
		{1FB1A6FE-1898-4E72-906E-1C160AB50F2F}.Debug|Any CPU.ActiveCfg = Debug|Any CPU
		{1FB1A6FE-1898-4E72-906E-1C160AB50F2F}.Debug|Any CPU.Build.0 = Debug|Any CPU
		{1FB1A6FE-1898-4E72-906E-1C160AB50F2F}.Debug|x86.ActiveCfg = Debug|Any CPU
		{1FB1A6FE-1898-4E72-906E-1C160AB50F2F}.DebugFB|Any CPU.ActiveCfg = Debug|Any CPU
		{1FB1A6FE-1898-4E72-906E-1C160AB50F2F}.DebugFB|Any CPU.Build.0 = Debug|Any CPU
		{1FB1A6FE-1898-4E72-906E-1C160AB50F2F}.DebugFB|x86.ActiveCfg = Debug|Any CPU
		{1FB1A6FE-1898-4E72-906E-1C160AB50F2F}.DebugForProfiler|Any CPU.ActiveCfg = Debug|Any CPU
		{1FB1A6FE-1898-4E72-906E-1C160AB50F2F}.DebugForProfiler|Any CPU.Build.0 = Debug|Any CPU
		{1FB1A6FE-1898-4E72-906E-1C160AB50F2F}.DebugForProfiler|x86.ActiveCfg = Debug|Any CPU
		{1FB1A6FE-1898-4E72-906E-1C160AB50F2F}.DebugNet40|Any CPU.ActiveCfg = Debug|Any CPU
		{1FB1A6FE-1898-4E72-906E-1C160AB50F2F}.DebugNet40|Any CPU.Build.0 = Debug|Any CPU
		{1FB1A6FE-1898-4E72-906E-1C160AB50F2F}.DebugNet40|x86.ActiveCfg = Debug|Any CPU
		{1FB1A6FE-1898-4E72-906E-1C160AB50F2F}.DebugNoRackspace|Any CPU.ActiveCfg = Debug|Any CPU
		{1FB1A6FE-1898-4E72-906E-1C160AB50F2F}.DebugNoRackspace|Any CPU.Build.0 = Debug|Any CPU
		{1FB1A6FE-1898-4E72-906E-1C160AB50F2F}.DebugNoRackspace|x86.ActiveCfg = Debug|Any CPU
		{1FB1A6FE-1898-4E72-906E-1C160AB50F2F}.DebugOpenSocial|Any CPU.ActiveCfg = Debug|Any CPU
		{1FB1A6FE-1898-4E72-906E-1C160AB50F2F}.DebugOpenSocial|Any CPU.Build.0 = Debug|Any CPU
		{1FB1A6FE-1898-4E72-906E-1C160AB50F2F}.DebugOpenSocial|x86.ActiveCfg = Debug|Any CPU
		{1FB1A6FE-1898-4E72-906E-1C160AB50F2F}.Mono|Any CPU.ActiveCfg = Release|Any CPU
		{1FB1A6FE-1898-4E72-906E-1C160AB50F2F}.Mono|Any CPU.Build.0 = Release|Any CPU
		{1FB1A6FE-1898-4E72-906E-1C160AB50F2F}.Mono|x86.ActiveCfg = Release|Any CPU
		{1FB1A6FE-1898-4E72-906E-1C160AB50F2F}.Release_Azure|Any CPU.ActiveCfg = Release|Any CPU
		{1FB1A6FE-1898-4E72-906E-1C160AB50F2F}.Release_Azure|Any CPU.Build.0 = Release|Any CPU
		{1FB1A6FE-1898-4E72-906E-1C160AB50F2F}.Release_Azure|x86.ActiveCfg = Release|Any CPU
		{1FB1A6FE-1898-4E72-906E-1C160AB50F2F}.Release_Test|Any CPU.ActiveCfg = Release|Any CPU
		{1FB1A6FE-1898-4E72-906E-1C160AB50F2F}.Release_Test|Any CPU.Build.0 = Release|Any CPU
		{1FB1A6FE-1898-4E72-906E-1C160AB50F2F}.Release_Test|x86.ActiveCfg = Release|Any CPU
		{1FB1A6FE-1898-4E72-906E-1C160AB50F2F}.Release|Any CPU.ActiveCfg = Release|Any CPU
		{1FB1A6FE-1898-4E72-906E-1C160AB50F2F}.Release|Any CPU.Build.0 = Release|Any CPU
		{1FB1A6FE-1898-4E72-906E-1C160AB50F2F}.Release|x86.ActiveCfg = Release|Any CPU
		{1FB1A6FE-1898-4E72-906E-1C160AB50F2F}.ReleaseNet40|Any CPU.ActiveCfg = Release|Any CPU
		{1FB1A6FE-1898-4E72-906E-1C160AB50F2F}.ReleaseNet40|Any CPU.Build.0 = Release|Any CPU
		{1FB1A6FE-1898-4E72-906E-1C160AB50F2F}.ReleaseNet40|x86.ActiveCfg = Release|Any CPU
		{E6A503F3-1B1D-4008-98EE-7EACA66DFB05}.ClientProfiles|Any CPU.ActiveCfg = Release|Any CPU
		{E6A503F3-1B1D-4008-98EE-7EACA66DFB05}.ClientProfiles|Any CPU.Build.0 = Release|Any CPU
		{E6A503F3-1B1D-4008-98EE-7EACA66DFB05}.ClientProfiles|x86.ActiveCfg = Release|Any CPU
		{E6A503F3-1B1D-4008-98EE-7EACA66DFB05}.Debug_Azure|Any CPU.ActiveCfg = Debug|Any CPU
		{E6A503F3-1B1D-4008-98EE-7EACA66DFB05}.Debug_Azure|Any CPU.Build.0 = Debug|Any CPU
		{E6A503F3-1B1D-4008-98EE-7EACA66DFB05}.Debug_Azure|x86.ActiveCfg = Debug|Any CPU
		{E6A503F3-1B1D-4008-98EE-7EACA66DFB05}.Debug_local|Any CPU.ActiveCfg = Debug|Any CPU
		{E6A503F3-1B1D-4008-98EE-7EACA66DFB05}.Debug_local|Any CPU.Build.0 = Debug|Any CPU
		{E6A503F3-1B1D-4008-98EE-7EACA66DFB05}.Debug_local|x86.ActiveCfg = Debug|Any CPU
		{E6A503F3-1B1D-4008-98EE-7EACA66DFB05}.Debug|Any CPU.ActiveCfg = Debug|Any CPU
		{E6A503F3-1B1D-4008-98EE-7EACA66DFB05}.Debug|Any CPU.Build.0 = Debug|Any CPU
		{E6A503F3-1B1D-4008-98EE-7EACA66DFB05}.Debug|x86.ActiveCfg = Debug|Any CPU
		{E6A503F3-1B1D-4008-98EE-7EACA66DFB05}.DebugFB|Any CPU.ActiveCfg = Debug|Any CPU
		{E6A503F3-1B1D-4008-98EE-7EACA66DFB05}.DebugFB|Any CPU.Build.0 = Debug|Any CPU
		{E6A503F3-1B1D-4008-98EE-7EACA66DFB05}.DebugFB|x86.ActiveCfg = Debug|Any CPU
		{E6A503F3-1B1D-4008-98EE-7EACA66DFB05}.DebugForProfiler|Any CPU.ActiveCfg = Debug|Any CPU
		{E6A503F3-1B1D-4008-98EE-7EACA66DFB05}.DebugForProfiler|Any CPU.Build.0 = Debug|Any CPU
		{E6A503F3-1B1D-4008-98EE-7EACA66DFB05}.DebugForProfiler|x86.ActiveCfg = Debug|Any CPU
		{E6A503F3-1B1D-4008-98EE-7EACA66DFB05}.DebugNet40|Any CPU.ActiveCfg = Debug|Any CPU
		{E6A503F3-1B1D-4008-98EE-7EACA66DFB05}.DebugNet40|Any CPU.Build.0 = Debug|Any CPU
		{E6A503F3-1B1D-4008-98EE-7EACA66DFB05}.DebugNet40|x86.ActiveCfg = Debug|Any CPU
		{E6A503F3-1B1D-4008-98EE-7EACA66DFB05}.DebugNoRackspace|Any CPU.ActiveCfg = Debug|Any CPU
		{E6A503F3-1B1D-4008-98EE-7EACA66DFB05}.DebugNoRackspace|Any CPU.Build.0 = Debug|Any CPU
		{E6A503F3-1B1D-4008-98EE-7EACA66DFB05}.DebugNoRackspace|x86.ActiveCfg = Debug|Any CPU
		{E6A503F3-1B1D-4008-98EE-7EACA66DFB05}.DebugOpenSocial|Any CPU.ActiveCfg = Debug|Any CPU
		{E6A503F3-1B1D-4008-98EE-7EACA66DFB05}.DebugOpenSocial|Any CPU.Build.0 = Debug|Any CPU
		{E6A503F3-1B1D-4008-98EE-7EACA66DFB05}.DebugOpenSocial|x86.ActiveCfg = Debug|Any CPU
		{E6A503F3-1B1D-4008-98EE-7EACA66DFB05}.Mono|Any CPU.ActiveCfg = Release|Any CPU
		{E6A503F3-1B1D-4008-98EE-7EACA66DFB05}.Mono|Any CPU.Build.0 = Release|Any CPU
		{E6A503F3-1B1D-4008-98EE-7EACA66DFB05}.Mono|x86.ActiveCfg = Release|Any CPU
		{E6A503F3-1B1D-4008-98EE-7EACA66DFB05}.Release_Azure|Any CPU.ActiveCfg = Release|Any CPU
		{E6A503F3-1B1D-4008-98EE-7EACA66DFB05}.Release_Azure|Any CPU.Build.0 = Release|Any CPU
		{E6A503F3-1B1D-4008-98EE-7EACA66DFB05}.Release_Azure|x86.ActiveCfg = Release|Any CPU
		{E6A503F3-1B1D-4008-98EE-7EACA66DFB05}.Release_Test|Any CPU.ActiveCfg = Release|Any CPU
		{E6A503F3-1B1D-4008-98EE-7EACA66DFB05}.Release_Test|Any CPU.Build.0 = Release|Any CPU
		{E6A503F3-1B1D-4008-98EE-7EACA66DFB05}.Release_Test|x86.ActiveCfg = Release|Any CPU
		{E6A503F3-1B1D-4008-98EE-7EACA66DFB05}.Release|Any CPU.ActiveCfg = Release|Any CPU
		{E6A503F3-1B1D-4008-98EE-7EACA66DFB05}.Release|Any CPU.Build.0 = Release|Any CPU
		{E6A503F3-1B1D-4008-98EE-7EACA66DFB05}.Release|x86.ActiveCfg = Release|Any CPU
		{E6A503F3-1B1D-4008-98EE-7EACA66DFB05}.ReleaseNet40|Any CPU.ActiveCfg = Release|Any CPU
		{E6A503F3-1B1D-4008-98EE-7EACA66DFB05}.ReleaseNet40|Any CPU.Build.0 = Release|Any CPU
		{E6A503F3-1B1D-4008-98EE-7EACA66DFB05}.ReleaseNet40|x86.ActiveCfg = Release|Any CPU
		{D390C235-242C-4E92-9E0B-D2463E87B0F0}.ClientProfiles|Any CPU.ActiveCfg = Release|Any CPU
		{D390C235-242C-4E92-9E0B-D2463E87B0F0}.ClientProfiles|Any CPU.Build.0 = Release|Any CPU
		{D390C235-242C-4E92-9E0B-D2463E87B0F0}.ClientProfiles|x86.ActiveCfg = Release|Any CPU
		{D390C235-242C-4E92-9E0B-D2463E87B0F0}.Debug_Azure|Any CPU.ActiveCfg = Debug|Any CPU
		{D390C235-242C-4E92-9E0B-D2463E87B0F0}.Debug_Azure|Any CPU.Build.0 = Debug|Any CPU
		{D390C235-242C-4E92-9E0B-D2463E87B0F0}.Debug_Azure|x86.ActiveCfg = Debug|Any CPU
		{D390C235-242C-4E92-9E0B-D2463E87B0F0}.Debug_local|Any CPU.ActiveCfg = Debug|Any CPU
		{D390C235-242C-4E92-9E0B-D2463E87B0F0}.Debug_local|Any CPU.Build.0 = Debug|Any CPU
		{D390C235-242C-4E92-9E0B-D2463E87B0F0}.Debug_local|x86.ActiveCfg = Debug|Any CPU
		{D390C235-242C-4E92-9E0B-D2463E87B0F0}.Debug|Any CPU.ActiveCfg = Debug|Any CPU
		{D390C235-242C-4E92-9E0B-D2463E87B0F0}.Debug|Any CPU.Build.0 = Debug|Any CPU
		{D390C235-242C-4E92-9E0B-D2463E87B0F0}.Debug|x86.ActiveCfg = Debug|Any CPU
		{D390C235-242C-4E92-9E0B-D2463E87B0F0}.DebugFB|Any CPU.ActiveCfg = Debug|Any CPU
		{D390C235-242C-4E92-9E0B-D2463E87B0F0}.DebugFB|Any CPU.Build.0 = Debug|Any CPU
		{D390C235-242C-4E92-9E0B-D2463E87B0F0}.DebugFB|x86.ActiveCfg = Debug|Any CPU
		{D390C235-242C-4E92-9E0B-D2463E87B0F0}.DebugForProfiler|Any CPU.ActiveCfg = Debug|Any CPU
		{D390C235-242C-4E92-9E0B-D2463E87B0F0}.DebugForProfiler|Any CPU.Build.0 = Debug|Any CPU
		{D390C235-242C-4E92-9E0B-D2463E87B0F0}.DebugForProfiler|x86.ActiveCfg = Debug|Any CPU
		{D390C235-242C-4E92-9E0B-D2463E87B0F0}.DebugNet40|Any CPU.ActiveCfg = Debug|Any CPU
		{D390C235-242C-4E92-9E0B-D2463E87B0F0}.DebugNet40|Any CPU.Build.0 = Debug|Any CPU
		{D390C235-242C-4E92-9E0B-D2463E87B0F0}.DebugNet40|x86.ActiveCfg = Debug|Any CPU
		{D390C235-242C-4E92-9E0B-D2463E87B0F0}.DebugNoRackspace|Any CPU.ActiveCfg = Debug|Any CPU
		{D390C235-242C-4E92-9E0B-D2463E87B0F0}.DebugNoRackspace|Any CPU.Build.0 = Debug|Any CPU
		{D390C235-242C-4E92-9E0B-D2463E87B0F0}.DebugNoRackspace|x86.ActiveCfg = Debug|Any CPU
		{D390C235-242C-4E92-9E0B-D2463E87B0F0}.DebugOpenSocial|Any CPU.ActiveCfg = Debug|Any CPU
		{D390C235-242C-4E92-9E0B-D2463E87B0F0}.DebugOpenSocial|Any CPU.Build.0 = Debug|Any CPU
		{D390C235-242C-4E92-9E0B-D2463E87B0F0}.DebugOpenSocial|x86.ActiveCfg = Debug|Any CPU
		{D390C235-242C-4E92-9E0B-D2463E87B0F0}.Mono|Any CPU.ActiveCfg = Release|Any CPU
		{D390C235-242C-4E92-9E0B-D2463E87B0F0}.Mono|Any CPU.Build.0 = Release|Any CPU
		{D390C235-242C-4E92-9E0B-D2463E87B0F0}.Mono|x86.ActiveCfg = Release|Any CPU
		{D390C235-242C-4E92-9E0B-D2463E87B0F0}.Release_Azure|Any CPU.ActiveCfg = Release|Any CPU
		{D390C235-242C-4E92-9E0B-D2463E87B0F0}.Release_Azure|Any CPU.Build.0 = Release|Any CPU
		{D390C235-242C-4E92-9E0B-D2463E87B0F0}.Release_Azure|x86.ActiveCfg = Release|Any CPU
		{D390C235-242C-4E92-9E0B-D2463E87B0F0}.Release_Test|Any CPU.ActiveCfg = Release|Any CPU
		{D390C235-242C-4E92-9E0B-D2463E87B0F0}.Release_Test|Any CPU.Build.0 = Release|Any CPU
		{D390C235-242C-4E92-9E0B-D2463E87B0F0}.Release_Test|x86.ActiveCfg = Release|Any CPU
		{D390C235-242C-4E92-9E0B-D2463E87B0F0}.Release|Any CPU.ActiveCfg = Release|Any CPU
		{D390C235-242C-4E92-9E0B-D2463E87B0F0}.Release|Any CPU.Build.0 = Release|Any CPU
		{D390C235-242C-4E92-9E0B-D2463E87B0F0}.Release|x86.ActiveCfg = Release|Any CPU
		{D390C235-242C-4E92-9E0B-D2463E87B0F0}.ReleaseNet40|Any CPU.ActiveCfg = Release|Any CPU
		{D390C235-242C-4E92-9E0B-D2463E87B0F0}.ReleaseNet40|Any CPU.Build.0 = Release|Any CPU
		{D390C235-242C-4E92-9E0B-D2463E87B0F0}.ReleaseNet40|x86.ActiveCfg = Release|Any CPU
	EndGlobalSection
	GlobalSection(SolutionProperties) = preSolution
		HideSolutionNode = FALSE
	EndGlobalSection
	GlobalSection(NestedProjects) = preSolution
		{0D0768D7-17E9-45DE-95B9-F24C45B04323} = {4B734F1E-6C19-4612-A52B-C864B7921E86}
		{14E4934E-A77B-4A05-AB59-2AAEFDF10C22} = {4B734F1E-6C19-4612-A52B-C864B7921E86}
		{EB69AA64-0C7F-49AC-984F-C2DE89321EC2} = {4B734F1E-6C19-4612-A52B-C864B7921E86}
		{270CE8D7-4EEB-4106-9D3E-A7DFDC642F85} = {4B734F1E-6C19-4612-A52B-C864B7921E86}
		{A214B9F0-6B8C-4E91-BE99-27F55CC860C1} = {4B734F1E-6C19-4612-A52B-C864B7921E86}
		{EE1F752C-1FAB-41AD-AD63-857D0E62AB6B} = {4B734F1E-6C19-4612-A52B-C864B7921E86}
		{1FB1A6FE-1898-4E72-906E-1C160AB50F2F} = {4B734F1E-6C19-4612-A52B-C864B7921E86}
		{E6A503F3-1B1D-4008-98EE-7EACA66DFB05} = {4B734F1E-6C19-4612-A52B-C864B7921E86}
		{D390C235-242C-4E92-9E0B-D2463E87B0F0} = {4B734F1E-6C19-4612-A52B-C864B7921E86}
	EndGlobalSection
	GlobalSection(ExtensibilityGlobals) = postSolution
		EnterpriseLibraryConfigurationToolBinariesPath = packages\Unity.2.1.505.2\lib\NET35
	EndGlobalSection
EndGlobal
